
Microsoft Visual Studio Solution File, Format Version 12.00
# Visual Studio Version 16
VisualStudioVersion = 16.0.31613.86
MinimumVisualStudioVersion = 10.0.40219.1
Project("{FAE04EC0-301F-11D3-BF4B-00C04F79EFBC}") = "Array", "01Exemplo\Array.csproj", "{1B91C8F8-A16E-48B2-938A-1573C5F26948}"
EndProject
Project("{FAE04EC0-301F-11D3-BF4B-00C04F79EFBC}") = "Listas", "Listas\Listas.csproj", "{0F168B0D-D2DE-467B-95D2-C6EB6DE9090F}"
EndProject
Project("{FAE04EC0-301F-11D3-BF4B-00C04F79EFBC}") = "ArrayMultidimensional", "ArrayMultidimensional\ArrayMultidimensional.csproj", "{91AF386E-DD58-4B73-9DE6-BA9E2C67CFDB}"
EndProject
Global
	GlobalSection(SolutionConfigurationPlatforms) = preSolution
		Debug|Any CPU = Debug|Any CPU
		Release|Any CPU = Release|Any CPU
	EndGlobalSection
	GlobalSection(ProjectConfigurationPlatforms) = postSolution
		{1B91C8F8-A16E-48B2-938A-1573C5F26948}.Debug|Any CPU.ActiveCfg = Debug|Any CPU
		{1B91C8F8-A16E-48B2-938A-1573C5F26948}.Debug|Any CPU.Build.0 = Debug|Any CPU
		{1B91C8F8-A16E-48B2-938A-1573C5F26948}.Release|Any CPU.ActiveCfg = Release|Any CPU
		{1B91C8F8-A16E-48B2-938A-1573C5F26948}.Release|Any CPU.Build.0 = Release|Any CPU
		{0F168B0D-D2DE-467B-95D2-C6EB6DE9090F}.Debug|Any CPU.ActiveCfg = Debug|Any CPU
		{0F168B0D-D2DE-467B-95D2-C6EB6DE9090F}.Debug|Any CPU.Build.0 = Debug|Any CPU
		{0F168B0D-D2DE-467B-95D2-C6EB6DE9090F}.Release|Any CPU.ActiveCfg = Release|Any CPU
		{0F168B0D-D2DE-467B-95D2-C6EB6DE9090F}.Release|Any CPU.Build.0 = Release|Any CPU
		{91AF386E-DD58-4B73-9DE6-BA9E2C67CFDB}.Debug|Any CPU.ActiveCfg = Debug|Any CPU
		{91AF386E-DD58-4B73-9DE6-BA9E2C67CFDB}.Debug|Any CPU.Build.0 = Debug|Any CPU
		{91AF386E-DD58-4B73-9DE6-BA9E2C67CFDB}.Release|Any CPU.ActiveCfg = Release|Any CPU
		{91AF386E-DD58-4B73-9DE6-BA9E2C67CFDB}.Release|Any CPU.Build.0 = Release|Any CPU
	EndGlobalSection
	GlobalSection(SolutionProperties) = preSolution
		HideSolutionNode = FALSE
	EndGlobalSection
	GlobalSection(ExtensibilityGlobals) = postSolution
		SolutionGuid = {DBD685FB-659A-4C67-8A76-D03BFE97C070}
	EndGlobalSection
EndGlobal
