
Microsoft Visual Studio Solution File, Format Version 12.00
# Visual Studio Version 16
VisualStudioVersion = 16.0.31613.86
MinimumVisualStudioVersion = 10.0.40219.1
Project("{9A19103F-16F7-4668-BE54-9A1E7A4F7556}") = "Foreach", "Two\Foreach.csproj", "{9AC26980-09D1-4E9F-AD82-83E552469E2F}"
EndProject
Project("{9A19103F-16F7-4668-BE54-9A1E7A4F7556}") = "For", "For\For.csproj", "{4944A033-7657-4480-B7E8-381937E03754}"
EndProject
Project("{FAE04EC0-301F-11D3-BF4B-00C04F79EFBC}") = "While", "While\While.csproj", "{45ABD038-5192-40F1-9BA6-240D8E79441B}"
EndProject
Global
	GlobalSection(SolutionConfigurationPlatforms) = preSolution
		Debug|Any CPU = Debug|Any CPU
		Release|Any CPU = Release|Any CPU
	EndGlobalSection
	GlobalSection(ProjectConfigurationPlatforms) = postSolution
		{9AC26980-09D1-4E9F-AD82-83E552469E2F}.Debug|Any CPU.ActiveCfg = Debug|Any CPU
		{9AC26980-09D1-4E9F-AD82-83E552469E2F}.Debug|Any CPU.Build.0 = Debug|Any CPU
		{9AC26980-09D1-4E9F-AD82-83E552469E2F}.Release|Any CPU.ActiveCfg = Release|Any CPU
		{9AC26980-09D1-4E9F-AD82-83E552469E2F}.Release|Any CPU.Build.0 = Release|Any CPU
		{4944A033-7657-4480-B7E8-381937E03754}.Debug|Any CPU.ActiveCfg = Debug|Any CPU
		{4944A033-7657-4480-B7E8-381937E03754}.Debug|Any CPU.Build.0 = Debug|Any CPU
		{4944A033-7657-4480-B7E8-381937E03754}.Release|Any CPU.ActiveCfg = Release|Any CPU
		{4944A033-7657-4480-B7E8-381937E03754}.Release|Any CPU.Build.0 = Release|Any CPU
		{45ABD038-5192-40F1-9BA6-240D8E79441B}.Debug|Any CPU.ActiveCfg = Debug|Any CPU
		{45ABD038-5192-40F1-9BA6-240D8E79441B}.Debug|Any CPU.Build.0 = Debug|Any CPU
		{45ABD038-5192-40F1-9BA6-240D8E79441B}.Release|Any CPU.ActiveCfg = Release|Any CPU
		{45ABD038-5192-40F1-9BA6-240D8E79441B}.Release|Any CPU.Build.0 = Release|Any CPU
	EndGlobalSection
	GlobalSection(SolutionProperties) = preSolution
		HideSolutionNode = FALSE
	EndGlobalSection
	GlobalSection(ExtensibilityGlobals) = postSolution
		SolutionGuid = {39A3C15F-5F9B-4C2A-ADA2-39D8129F0568}
	EndGlobalSection
EndGlobal
